
Microsoft Visual Studio Solution File, Format Version 12.00
# Visual Studio Version 16
VisualStudioVersion = 16.0.30104.148
MinimumVisualStudioVersion = 10.0.40219.1
Project("{FAE04EC0-301F-11D3-BF4B-00C04F79EFBC}") = "chk", "chk\chk.csproj", "{B5C8AF1C-CD02-435A-A1A8-F3520F4A2328}"
EndProject
Global
	GlobalSection(SolutionConfigurationPlatforms) = preSolution
		Debug|Any CPU = Debug|Any CPU
		Release|Any CPU = Release|Any CPU
	EndGlobalSection
	GlobalSection(ProjectConfigurationPlatforms) = postSolution
		{B5C8AF1C-CD02-435A-A1A8-F3520F4A2328}.Debug|Any CPU.ActiveCfg = Debug|Any CPU
		{B5C8AF1C-CD02-435A-A1A8-F3520F4A2328}.Debug|Any CPU.Build.0 = Debug|Any CPU
		{B5C8AF1C-CD02-435A-A1A8-F3520F4A2328}.Release|Any CPU.ActiveCfg = Release|Any CPU
		{B5C8AF1C-CD02-435A-A1A8-F3520F4A2328}.Release|Any CPU.Build.0 = Release|Any CPU
	EndGlobalSection
	GlobalSection(SolutionProperties) = preSolution
		HideSolutionNode = FALSE
	EndGlobalSection
	GlobalSection(ExtensibilityGlobals) = postSolution
		SolutionGuid = {94701F6B-D9FE-47C6-997E-7D687FF0030C}
	EndGlobalSection
EndGlobal
